
Microsoft Visual Studio Solution File, Format Version 12.00
# Visual Studio Version 16
VisualStudioVersion = 16.0.30104.148
MinimumVisualStudioVersion = 10.0.40219.1
Project("{FAE04EC0-301F-11D3-BF4B-00C04F79EFBC}") = "Artisoft.OnBase.Gnp.RestIntegration", "Artisoft.OnBase.Gnp.RestIntegration\Artisoft.OnBase.Gnp.RestIntegration.csproj", "{2558E0C6-FBC2-478F-97AD-6FB96569EEC9}"
EndProject
Global
	GlobalSection(SolutionConfigurationPlatforms) = preSolution
		Debug|Any CPU = Debug|Any CPU
		Release|Any CPU = Release|Any CPU
	EndGlobalSection
	GlobalSection(ProjectConfigurationPlatforms) = postSolution
		{2558E0C6-FBC2-478F-97AD-6FB96569EEC9}.Debug|Any CPU.ActiveCfg = Debug|Any CPU
		{2558E0C6-FBC2-478F-97AD-6FB96569EEC9}.Debug|Any CPU.Build.0 = Debug|Any CPU
		{2558E0C6-FBC2-478F-97AD-6FB96569EEC9}.Release|Any CPU.ActiveCfg = Release|Any CPU
		{2558E0C6-FBC2-478F-97AD-6FB96569EEC9}.Release|Any CPU.Build.0 = Release|Any CPU
	EndGlobalSection
	GlobalSection(SolutionProperties) = preSolution
		HideSolutionNode = FALSE
	EndGlobalSection
	GlobalSection(ExtensibilityGlobals) = postSolution
		SolutionGuid = {74C14B07-E4F5-4996-8362-E5252D3C383B}
	EndGlobalSection
EndGlobal
